
Microsoft Visual Studio Solution File, Format Version 12.00
Project("{2150E333-8FDC-42A3-9474-1A3956D46DE8}") = "Solution Items", "Solution Items", "{98286E86-6F2E-453D-824C-F13CCA9DEB53}"
ProjectSection(SolutionItems) = preProject
	..\CustomIoc.md = ..\CustomIoc.md
EndProjectSection
EndProject
Project("{FAE04EC0-301F-11D3-BF4B-00C04F79EFBC}") = "StandardIoC", "StandardIoC\StandardIoC.csproj", "{7B3EE5F3-0726-4A93-9595-1C988D83ABB8}"
EndProject
Project("{FAE04EC0-301F-11D3-BF4B-00C04F79EFBC}") = "StandardIoC.Tests", "StandardIoC.Tests\StandardIoC.Tests.csproj", "{C78D4BE5-7936-47B8-9872-300DC6BEA91F}"
EndProject
Project("{FAE04EC0-301F-11D3-BF4B-00C04F79EFBC}") = "StandardIoC.CoreWeb", "StandardIoC.CoreWeb\StandardIoC.CoreWeb.csproj", "{C7069F40-A81C-4459-BF41-28A76612DCF1}"
EndProject
Global
	GlobalSection(SolutionConfigurationPlatforms) = preSolution
		Debug|Any CPU = Debug|Any CPU
		Release|Any CPU = Release|Any CPU
	EndGlobalSection
	GlobalSection(ProjectConfigurationPlatforms) = postSolution
		{7B3EE5F3-0726-4A93-9595-1C988D83ABB8}.Debug|Any CPU.ActiveCfg = Debug|Any CPU
		{7B3EE5F3-0726-4A93-9595-1C988D83ABB8}.Debug|Any CPU.Build.0 = Debug|Any CPU
		{7B3EE5F3-0726-4A93-9595-1C988D83ABB8}.Release|Any CPU.ActiveCfg = Release|Any CPU
		{7B3EE5F3-0726-4A93-9595-1C988D83ABB8}.Release|Any CPU.Build.0 = Release|Any CPU
		{C78D4BE5-7936-47B8-9872-300DC6BEA91F}.Debug|Any CPU.ActiveCfg = Debug|Any CPU
		{C78D4BE5-7936-47B8-9872-300DC6BEA91F}.Debug|Any CPU.Build.0 = Debug|Any CPU
		{C78D4BE5-7936-47B8-9872-300DC6BEA91F}.Release|Any CPU.ActiveCfg = Release|Any CPU
		{C78D4BE5-7936-47B8-9872-300DC6BEA91F}.Release|Any CPU.Build.0 = Release|Any CPU
		{C7069F40-A81C-4459-BF41-28A76612DCF1}.Debug|Any CPU.ActiveCfg = Debug|Any CPU
		{C7069F40-A81C-4459-BF41-28A76612DCF1}.Debug|Any CPU.Build.0 = Debug|Any CPU
		{C7069F40-A81C-4459-BF41-28A76612DCF1}.Release|Any CPU.ActiveCfg = Release|Any CPU
		{C7069F40-A81C-4459-BF41-28A76612DCF1}.Release|Any CPU.Build.0 = Release|Any CPU
	EndGlobalSection
EndGlobal
